{
  "name": "@rbxts/cake-runservice",
  "version": "1.0.0",
  "lockfileVersion": 3,
  "requires": true,
  "packages": {
    "": {
      "name": "@rbxts/cake-runservice",
      "version": "1.0.0",
      "license": "ISC",
      "devDependencies": {
        "@rbxts/compiler-types": "^3.0.0-types.0",
        "@rbxts/types": "^1.0.911",
        "typescript": "^5.5.3"
      }
    },
    "node_modules/@rbxts/compiler-types": {
      "version": "3.0.0-types.0",
      "resolved": "https://registry.npmjs.org/@rbxts/compiler-types/-/compiler-types-3.0.0-types.0.tgz",
      "integrity": "sha512-VGOHJPoL7+56NTatMGqQj3K7xWuzEV+aP4QD5vZiHu+bcff3kiTmtoadaF6NkJrmwfFAvbsd4Dg764ZjWNceag==",
      "dev": true,
      "license": "MIT"
    },
    "node_modules/@rbxts/types": {
      "version": "1.0.911",
      "resolved": "https://registry.npmjs.org/@rbxts/types/-/types-1.0.911.tgz",
      "integrity": "sha512-kSp1oZol/WnjZTVxdustzx4PAWxo90NjBxtP5x2pFx4Jaw74v6Wum08+K9Z1/S1uxCDErPXfWJKmxpgj10ZEvw==",
      "dev": true,
      "license": "MIT"
    },
    "node_modules/typescript": {
      "version": "5.9.3",
      "resolved": "https://registry.npmjs.org/typescript/-/typescript-5.9.3.tgz",
      "integrity": "sha512-jl1vZzPDinLr9eUt3J/t7V6FgNEw9QjvBPdysz9KfQDD41fQrC2Y4vKQdiaUpFT4bXlb1RHhLpp8wtm6M5TgSw==",
      "dev": true,
      "license": "Apache-2.0",
      "bin": {
        "tsc": "bin/tsc",
        "tsserver": "bin/tsserver"
      },
      "engines": {
        "node": ">=14.17"
      }
    }
  }
}
