# This file is automatically @generated by Wally.
# It is not intended for manual editing.
registry = "test"

[[package]]
name = "alicesaidhi/jabby"
version = "0.5.1"
dependencies = [["jecs", "ukendio/jecs@0.10.4"], ["pebble", "alicesaidhi/pebble@0.2.0"], ["vide", "centau/vide@0.4.0"]]

[[package]]
name = "alicesaidhi/pebble"
version = "0.2.0"
dependencies = [["vide", "centau/vide@0.4.0"]]

[[package]]
name = "centau/vide"
version = "0.4.0"
dependencies = []

[[package]]
name = "ukendio/jecs"
version = "0.10.4"
dependencies = []

[[package]]
name = "wad4444/cake-jabby"
version = "0.0.1"
dependencies = [["jabby", "alicesaidhi/jabby@0.5.1"]]
